version = 1
requires-python = ">=3.12"

[[package]]
name = "cecp"
version = "0.1.0"
source = { virtual = "." }
dependencies = [
    { name = "gdstk" },
]

[package.metadata]
requires-dist = [{ name = "gdstk", specifier = ">=0.9.60" }]

[[package]]
name = "gdstk"
version = "0.9.60"
source = { registry = "https://pypi.org/simple" }
dependencies = [
    { name = "numpy" },
]
sdist = { url = "https://files.pythonhosted.org/packages/f7/06/041d9a64f736309209d5f190b81ee7e0ca8f3c5a9d19d8d53e37b739b367/gdstk-0.9.60.tar.gz", hash = "sha256:6d9b807bf0ea43903779c0ba8c65b4fdfbca903a90dbb1acfd11b41fd0574588", size = 317689 }
wheels = [
    { url = "https://files.pythonhosted.org/packages/94/a3/6af43207b5b2e19159849b0def21634e3dc47d5526c5043eee163a1e7f62/gdstk-0.9.60-cp312-cp312-macosx_10_13_universal2.whl", hash = "sha256:724054622a6afff52bd6863d88e09053b13f8e015c874d81a7de6f0d37a88df2", size = 922600 },
    { url = "https://files.pythonhosted.org/packages/9e/20/e35419a30cae6b9dba91d031f2ff7cea50569eafc280c1e3225ad3272417/gdstk-0.9.60-cp312-cp312-macosx_10_13_x86_64.whl", hash = "sha256:8ce17b51e6f6494e038224033f55c4f8226897e3505ad5d7e0c37a7aadbf2e81", size = 477080 },
    { url = "https://files.pythonhosted.org/packages/3f/d1/008837b68e35d75c56d10884b486ffe2ceb57fb1567fe10e0ec0b1a9446e/gdstk-0.9.60-cp312-cp312-manylinux_2_17_i686.manylinux2014_i686.whl", hash = "sha256:5c525fd1b4c9a56df3aa55646be1980e3edcc326485ca2058b889f63fd9d265f", size = 600644 },
    { url = "https://files.pythonhosted.org/packages/1e/51/147f1ca9c3ba76e08e4e5e7271ad05d9276a3f93cba4f61332c3cab03ebc/gdstk-0.9.60-cp312-cp312-manylinux_2_17_x86_64.manylinux2014_x86_64.whl", hash = "sha256:9155d90b3035140201519f4ab97af6ec7ac96fa2cc4ca2927b93e5877c458315", size = 536859 },
    { url = "https://files.pythonhosted.org/packages/e5/a1/27a362bd1175705986d709fe4113695c7240866e4332f40df2068c7975d3/gdstk-0.9.60-cp312-cp312-manylinux_2_28_x86_64.whl", hash = "sha256:a51d0561f76059db7cfd6396163e10b3c89c2dd8285a38ef940f374caeac38a5", size = 535697 },
    { url = "https://files.pythonhosted.org/packages/7a/bb/27674fec6fe62dda386f85036e64fbb4cc4c214868ea4386547005849485/gdstk-0.9.60-cp312-cp312-musllinux_1_2_i686.whl", hash = "sha256:7702cec46ab36b3cc6f08db29e7fb20cc93946a2cf3fa01188b0b6a831d83cdf", size = 1711695 },
    { url = "https://files.pythonhosted.org/packages/0d/7b/ffea1d8403475c3fd3737dd293739ba5b6f37e3166b2b0aed611541fc828/gdstk-0.9.60-cp312-cp312-musllinux_1_2_x86_64.whl", hash = "sha256:ce367af239b4cf07e305cdd682e3a84df56e26c3ddbc4b1f55bc91467363386b", size = 1535214 },
    { url = "https://files.pythonhosted.org/packages/71/84/26178f14c7e068b62af11ce7ea68751f334774f7b7cbb0b5e232d3875ccf/gdstk-0.9.60-cp312-cp312-win_amd64.whl", hash = "sha256:a94f259a453736f24d4a98f8fca857f082081f84051094ad6b2d0f1b81fee19d", size = 499969 },
    { url = "https://files.pythonhosted.org/packages/55/13/2fd6504c0508b84f712574386b02c3d61d36a7b5111ca24220d62f0a06c6/gdstk-0.9.60-cp313-cp313-macosx_10_13_universal2.whl", hash = "sha256:5f1832f90f23c761e182e8f0dffcf9e47260f6be47a445b5027cd17ff9b2d51b", size = 922591 },
    { url = "https://files.pythonhosted.org/packages/e6/15/8429f34a2429c63adcb875b704723eca606e4fafa0bea768b5e3511a0cc7/gdstk-0.9.60-cp313-cp313-macosx_10_13_x86_64.whl", hash = "sha256:db240ecabacf0063e035d7ad7e156a500d895c0b9886d0b2adaa9681b83d9424", size = 477069 },
    { url = "https://files.pythonhosted.org/packages/38/7b/ae724d43d081f480a582eb11fd06cabf90cc7e0bb0fdcb32ce8d4093e017/gdstk-0.9.60-cp313-cp313-manylinux_2_17_i686.manylinux2014_i686.whl", hash = "sha256:f9c80eed22802b72566a89e4d429b1ec820a1b28658bc20830f455933d5ed963", size = 600640 },
    { url = "https://files.pythonhosted.org/packages/86/08/1ac9df64fd281017d6aeefddda2fb4b9821d20b45db1910ecf1fe9f7740d/gdstk-0.9.60-cp313-cp313-manylinux_2_17_x86_64.manylinux2014_x86_64.whl", hash = "sha256:b0a35625a965848aabf52b4e92c37e0876bdc6f01099f0614fc97dfb28676e19", size = 536872 },
    { url = "https://files.pythonhosted.org/packages/8a/f6/95d4d6176cfbd2236bf15bb1e60bf18dd49604b0a9548c1b534ed1a7354a/gdstk-0.9.60-cp313-cp313-manylinux_2_28_x86_64.whl", hash = "sha256:bc52f232471b97e52004b047e4300de9e92575e62fbf40fe6bd1d4fbb1b87bc4", size = 535696 },
    { url = "https://files.pythonhosted.org/packages/e9/33/7a1f4e1bd8b68f90a47cc306f3b3bc91b26e85d4cc690c620edffad48786/gdstk-0.9.60-cp313-cp313-musllinux_1_2_i686.whl", hash = "sha256:aa0a7a617f90bd2c4ab5b5032638ea01c39f3305490bda67a82d8310e266aeb4", size = 1711735 },
    { url = "https://files.pythonhosted.org/packages/a8/ba/6588229bb74dcbf10f07b5a803914a04c1b1842f77f704629bb726be131b/gdstk-0.9.60-cp313-cp313-musllinux_1_2_x86_64.whl", hash = "sha256:64249dfc5803e987decbae5bc28144242f0297869fca1074b26380f261998ee6", size = 1535206 },
    { url = "https://files.pythonhosted.org/packages/30/bc/70950ace7b5db1cbe5bdf2f9238cab885f51ad51d6befac2d0fb11d94fb9/gdstk-0.9.60-cp313-cp313-win_amd64.whl", hash = "sha256:9e41b38a719991b1e36ea0320c44688ac18e64ae53d9e5775fc7222fccfbb34a", size = 499802 },
]

[[package]]
name = "numpy"
version = "2.3.1"
source = { registry = "https://pypi.org/simple" }
sdist = { url = "https://files.pythonhosted.org/packages/2e/19/d7c972dfe90a353dbd3efbbe1d14a5951de80c99c9dc1b93cd998d51dc0f/numpy-2.3.1.tar.gz", hash = "sha256:1ec9ae20a4226da374362cca3c62cd753faf2f951440b0e3b98e93c235441d2b", size = 20390372 }
wheels = [
    { url = "https://files.pythonhosted.org/packages/c6/56/71ad5022e2f63cfe0ca93559403d0edef14aea70a841d640bd13cdba578e/numpy-2.3.1-cp312-cp312-macosx_10_13_x86_64.whl", hash = "sha256:2959d8f268f3d8ee402b04a9ec4bb7604555aeacf78b360dc4ec27f1d508177d", size = 20896664 },
    { url = "https://files.pythonhosted.org/packages/25/65/2db52ba049813670f7f987cc5db6dac9be7cd95e923cc6832b3d32d87cef/numpy-2.3.1-cp312-cp312-macosx_11_0_arm64.whl", hash = "sha256:762e0c0c6b56bdedfef9a8e1d4538556438288c4276901ea008ae44091954e29", size = 14131078 },
    { url = "https://files.pythonhosted.org/packages/57/dd/28fa3c17b0e751047ac928c1e1b6990238faad76e9b147e585b573d9d1bd/numpy-2.3.1-cp312-cp312-macosx_14_0_arm64.whl", hash = "sha256:867ef172a0976aaa1f1d1b63cf2090de8b636a7674607d514505fb7276ab08fc", size = 5112554 },
    { url = "https://files.pythonhosted.org/packages/c9/fc/84ea0cba8e760c4644b708b6819d91784c290288c27aca916115e3311d17/numpy-2.3.1-cp312-cp312-macosx_14_0_x86_64.whl", hash = "sha256:4e602e1b8682c2b833af89ba641ad4176053aaa50f5cacda1a27004352dde943", size = 6646560 },
    { url = "https://files.pythonhosted.org/packages/61/b2/512b0c2ddec985ad1e496b0bd853eeb572315c0f07cd6997473ced8f15e2/numpy-2.3.1-cp312-cp312-manylinux_2_28_aarch64.whl", hash = "sha256:8e333040d069eba1652fb08962ec5b76af7f2c7bce1df7e1418c8055cf776f25", size = 14260638 },
    { url = "https://files.pythonhosted.org/packages/6e/45/c51cb248e679a6c6ab14b7a8e3ead3f4a3fe7425fc7a6f98b3f147bec532/numpy-2.3.1-cp312-cp312-manylinux_2_28_x86_64.whl", hash = "sha256:e7cbf5a5eafd8d230a3ce356d892512185230e4781a361229bd902ff403bc660", size = 16632729 },
    { url = "https://files.pythonhosted.org/packages/e4/ff/feb4be2e5c09a3da161b412019caf47183099cbea1132fd98061808c2df2/numpy-2.3.1-cp312-cp312-musllinux_1_2_aarch64.whl", hash = "sha256:5f1b8f26d1086835f442286c1d9b64bb3974b0b1e41bb105358fd07d20872952", size = 15565330 },
    { url = "https://files.pythonhosted.org/packages/bc/6d/ceafe87587101e9ab0d370e4f6e5f3f3a85b9a697f2318738e5e7e176ce3/numpy-2.3.1-cp312-cp312-musllinux_1_2_x86_64.whl", hash = "sha256:ee8340cb48c9b7a5899d1149eece41ca535513a9698098edbade2a8e7a84da77", size = 18361734 },
    { url = "https://files.pythonhosted.org/packages/2b/19/0fb49a3ea088be691f040c9bf1817e4669a339d6e98579f91859b902c636/numpy-2.3.1-cp312-cp312-win32.whl", hash = "sha256:e772dda20a6002ef7061713dc1e2585bc1b534e7909b2030b5a46dae8ff077ab", size = 6320411 },
    { url = "https://files.pythonhosted.org/packages/b1/3e/e28f4c1dd9e042eb57a3eb652f200225e311b608632bc727ae378623d4f8/numpy-2.3.1-cp312-cp312-win_amd64.whl", hash = "sha256:cfecc7822543abdea6de08758091da655ea2210b8ffa1faf116b940693d3df76", size = 12734973 },
    { url = "https://files.pythonhosted.org/packages/04/a8/8a5e9079dc722acf53522b8f8842e79541ea81835e9b5483388701421073/numpy-2.3.1-cp312-cp312-win_arm64.whl", hash = "sha256:7be91b2239af2658653c5bb6f1b8bccafaf08226a258caf78ce44710a0160d30", size = 10191491 },
    { url = "https://files.pythonhosted.org/packages/d4/bd/35ad97006d8abff8631293f8ea6adf07b0108ce6fec68da3c3fcca1197f2/numpy-2.3.1-cp313-cp313-macosx_10_13_x86_64.whl", hash = "sha256:25a1992b0a3fdcdaec9f552ef10d8103186f5397ab45e2d25f8ac51b1a6b97e8", size = 20889381 },
    { url = "https://files.pythonhosted.org/packages/f1/4f/df5923874d8095b6062495b39729178eef4a922119cee32a12ee1bd4664c/numpy-2.3.1-cp313-cp313-macosx_11_0_arm64.whl", hash = "sha256:7dea630156d39b02a63c18f508f85010230409db5b2927ba59c8ba4ab3e8272e", size = 14152726 },
    { url = "https://files.pythonhosted.org/packages/8c/0f/a1f269b125806212a876f7efb049b06c6f8772cf0121139f97774cd95626/numpy-2.3.1-cp313-cp313-macosx_14_0_arm64.whl", hash = "sha256:bada6058dd886061f10ea15f230ccf7dfff40572e99fef440a4a857c8728c9c0", size = 5105145 },
    { url = "https://files.pythonhosted.org/packages/6d/63/a7f7fd5f375b0361682f6ffbf686787e82b7bbd561268e4f30afad2bb3c0/numpy-2.3.1-cp313-cp313-macosx_14_0_x86_64.whl", hash = "sha256:a894f3816eb17b29e4783e5873f92faf55b710c2519e5c351767c51f79d8526d", size = 6639409 },
    { url = "https://files.pythonhosted.org/packages/bf/0d/1854a4121af895aab383f4aa233748f1df4671ef331d898e32426756a8a6/numpy-2.3.1-cp313-cp313-manylinux_2_28_aarch64.whl", hash = "sha256:18703df6c4a4fee55fd3d6e5a253d01c5d33a295409b03fda0c86b3ca2ff41a1", size = 14257630 },
    { url = "https://files.pythonhosted.org/packages/50/30/af1b277b443f2fb08acf1c55ce9d68ee540043f158630d62cef012750f9f/numpy-2.3.1-cp313-cp313-manylinux_2_28_x86_64.whl", hash = "sha256:5902660491bd7a48b2ec16c23ccb9124b8abfd9583c5fdfa123fe6b421e03de1", size = 16627546 },
    { url = "https://files.pythonhosted.org/packages/6e/ec/3b68220c277e463095342d254c61be8144c31208db18d3fd8ef02712bcd6/numpy-2.3.1-cp313-cp313-musllinux_1_2_aarch64.whl", hash = "sha256:36890eb9e9d2081137bd78d29050ba63b8dab95dff7912eadf1185e80074b2a0", size = 15562538 },
    { url = "https://files.pythonhosted.org/packages/77/2b/4014f2bcc4404484021c74d4c5ee8eb3de7e3f7ac75f06672f8dcf85140a/numpy-2.3.1-cp313-cp313-musllinux_1_2_x86_64.whl", hash = "sha256:a780033466159c2270531e2b8ac063704592a0bc62ec4a1b991c7c40705eb0e8", size = 18360327 },
    { url = "https://files.pythonhosted.org/packages/40/8d/2ddd6c9b30fcf920837b8672f6c65590c7d92e43084c25fc65edc22e93ca/numpy-2.3.1-cp313-cp313-win32.whl", hash = "sha256:39bff12c076812595c3a306f22bfe49919c5513aa1e0e70fac756a0be7c2a2b8", size = 6312330 },
    { url = "https://files.pythonhosted.org/packages/dd/c8/beaba449925988d415efccb45bf977ff8327a02f655090627318f6398c7b/numpy-2.3.1-cp313-cp313-win_amd64.whl", hash = "sha256:8d5ee6eec45f08ce507a6570e06f2f879b374a552087a4179ea7838edbcbfa42", size = 12731565 },
    { url = "https://files.pythonhosted.org/packages/0b/c3/5c0c575d7ec78c1126998071f58facfc124006635da75b090805e642c62e/numpy-2.3.1-cp313-cp313-win_arm64.whl", hash = "sha256:0c4d9e0a8368db90f93bd192bfa771ace63137c3488d198ee21dfb8e7771916e", size = 10190262 },
    { url = "https://files.pythonhosted.org/packages/ea/19/a029cd335cf72f79d2644dcfc22d90f09caa86265cbbde3b5702ccef6890/numpy-2.3.1-cp313-cp313t-macosx_10_13_x86_64.whl", hash = "sha256:b0b5397374f32ec0649dd98c652a1798192042e715df918c20672c62fb52d4b8", size = 20987593 },
    { url = "https://files.pythonhosted.org/packages/25/91/8ea8894406209107d9ce19b66314194675d31761fe2cb3c84fe2eeae2f37/numpy-2.3.1-cp313-cp313t-macosx_11_0_arm64.whl", hash = "sha256:c5bdf2015ccfcee8253fb8be695516ac4457c743473a43290fd36eba6a1777eb", size = 14300523 },
    { url = "https://files.pythonhosted.org/packages/a6/7f/06187b0066eefc9e7ce77d5f2ddb4e314a55220ad62dd0bfc9f2c44bac14/numpy-2.3.1-cp313-cp313t-macosx_14_0_arm64.whl", hash = "sha256:d70f20df7f08b90a2062c1f07737dd340adccf2068d0f1b9b3d56e2038979fee", size = 5227993 },
    { url = "https://files.pythonhosted.org/packages/e8/ec/a926c293c605fa75e9cfb09f1e4840098ed46d2edaa6e2152ee35dc01ed3/numpy-2.3.1-cp313-cp313t-macosx_14_0_x86_64.whl", hash = "sha256:2fb86b7e58f9ac50e1e9dd1290154107e47d1eef23a0ae9145ded06ea606f992", size = 6736652 },
    { url = "https://files.pythonhosted.org/packages/e3/62/d68e52fb6fde5586650d4c0ce0b05ff3a48ad4df4ffd1b8866479d1d671d/numpy-2.3.1-cp313-cp313t-manylinux_2_28_aarch64.whl", hash = "sha256:23ab05b2d241f76cb883ce8b9a93a680752fbfcbd51c50eff0b88b979e471d8c", size = 14331561 },
    { url = "https://files.pythonhosted.org/packages/fc/ec/b74d3f2430960044bdad6900d9f5edc2dc0fb8bf5a0be0f65287bf2cbe27/numpy-2.3.1-cp313-cp313t-manylinux_2_28_x86_64.whl", hash = "sha256:ce2ce9e5de4703a673e705183f64fd5da5bf36e7beddcb63a25ee2286e71ca48", size = 16693349 },
    { url = "https://files.pythonhosted.org/packages/0d/15/def96774b9d7eb198ddadfcbd20281b20ebb510580419197e225f5c55c3e/numpy-2.3.1-cp313-cp313t-musllinux_1_2_aarch64.whl", hash = "sha256:c4913079974eeb5c16ccfd2b1f09354b8fed7e0d6f2cab933104a09a6419b1ee", size = 15642053 },
    { url = "https://files.pythonhosted.org/packages/2b/57/c3203974762a759540c6ae71d0ea2341c1fa41d84e4971a8e76d7141678a/numpy-2.3.1-cp313-cp313t-musllinux_1_2_x86_64.whl", hash = "sha256:010ce9b4f00d5c036053ca684c77441f2f2c934fd23bee058b4d6f196efd8280", size = 18434184 },
    { url = "https://files.pythonhosted.org/packages/22/8a/ccdf201457ed8ac6245187850aff4ca56a79edbea4829f4e9f14d46fa9a5/numpy-2.3.1-cp313-cp313t-win32.whl", hash = "sha256:6269b9edfe32912584ec496d91b00b6d34282ca1d07eb10e82dfc780907d6c2e", size = 6440678 },
    { url = "https://files.pythonhosted.org/packages/f1/7e/7f431d8bd8eb7e03d79294aed238b1b0b174b3148570d03a8a8a8f6a0da9/numpy-2.3.1-cp313-cp313t-win_amd64.whl", hash = "sha256:2a809637460e88a113e186e87f228d74ae2852a2e0c44de275263376f17b5bdc", size = 12870697 },
    { url = "https://files.pythonhosted.org/packages/d4/ca/af82bf0fad4c3e573c6930ed743b5308492ff19917c7caaf2f9b6f9e2e98/numpy-2.3.1-cp313-cp313t-win_arm64.whl", hash = "sha256:eccb9a159db9aed60800187bc47a6d3451553f0e1b08b068d8b277ddfbb9b244", size = 10260376 },
]
